
Microsoft Visual Studio Solution File, Format Version 12.00
# Visual Studio Version 17
VisualStudioVersion = 17.8.34330.188
MinimumVisualStudioVersion = 10.0.40219.1
Project("{FAE04EC0-301F-11D3-BF4B-00C04F79EFBC}") = "MyPortfolio", "MyPortfolio\MyPortfolio.csproj", "{0A957544-4389-4CBD-81FC-2F79894702FE}"
EndProject
Global
	GlobalSection(SolutionConfigurationPlatforms) = preSolution
		Debug|Any CPU = Debug|Any CPU
		Release|Any CPU = Release|Any CPU
	EndGlobalSection
	GlobalSection(ProjectConfigurationPlatforms) = postSolution
		{0A957544-4389-4CBD-81FC-2F79894702FE}.Debug|Any CPU.ActiveCfg = Debug|Any CPU
		{0A957544-4389-4CBD-81FC-2F79894702FE}.Debug|Any CPU.Build.0 = Debug|Any CPU
		{0A957544-4389-4CBD-81FC-2F79894702FE}.Release|Any CPU.ActiveCfg = Release|Any CPU
		{0A957544-4389-4CBD-81FC-2F79894702FE}.Release|Any CPU.Build.0 = Release|Any CPU
	EndGlobalSection
	GlobalSection(SolutionProperties) = preSolution
		HideSolutionNode = FALSE
	EndGlobalSection
	GlobalSection(ExtensibilityGlobals) = postSolution
		SolutionGuid = {ED70DB7E-A93E-4886-B450-42F7730C399A}
	EndGlobalSection
EndGlobal
